{
  "name": "bns",
  "version": "0.15.0",
  "lockfileVersion": 2,
  "requires": true,
  "packages": {
    "": {
      "name": "bns",
      "version": "0.15.0",
      "license": "MIT",
      "dependencies": {
        "bcrypto": "~5.5.2",
        "bfile": "~0.2.3",
        "bheep": "~0.1.6",
        "binet": "~0.3.9",
        "bs32": "~0.1.7",
        "bsert": "~0.0.13",
        "btcp": "~0.1.5",
        "budp": "~0.1.6",
        "bufio": "~1.2.3"
      },
      "bin": {
        "bns-keygen": "bin/bns-keygen",
        "bns-prove": "bin/bns-prove",
        "dig.js": "bin/dig.js",
        "dig2json": "bin/dig2json",
        "json2dig": "bin/json2dig",
        "json2rr": "bin/json2rr",
        "json2zone": "bin/json2zone",
        "named.js": "bin/named.js",
        "rr2json": "bin/rr2json",
        "whois.js": "bin/whois.js",
        "zone2json": "bin/zone2json"
      },
      "devDependencies": {
        "bmocha": "^2.2.1",
        "bslintrc": "^0.0.3"
      },
      "engines": {
        "node": ">=8.0.0"
      },
      "optionalDependencies": {
        "unbound": "~0.4.3"
      }
    },
    "node_modules/bcrypto": {
      "version": "5.5.2",
      "resolved": "https://registry.npmjs.org/bcrypto/-/bcrypto-5.5.2.tgz",
      "integrity": "sha512-k3PF755oJM0+25iOVuraNedF5XneykxRwl+oBoMeQPfYee4qX8hHQhKCsNZWLthNYgi41GH2ysopd/8sDQDhEw==",
      "hasInstallScript": true,
      "license": "MIT",
      "dependencies": {
        "bufio": "~1.0.7",
        "loady": "~0.0.5"
      },
      "engines": {
        "node": ">=8.0.0"
      }
    },
    "node_modules/bcrypto/node_modules/bufio": {
      "version": "1.0.7",
      "resolved": "https://registry.npmjs.org/bufio/-/bufio-1.0.7.tgz",
      "integrity": "sha512-bd1dDQhiC+bEbEfg56IdBv7faWa6OipMs/AFFFvtFnB3wAYjlwQpQRZ0pm6ZkgtfL0pILRXhKxOiQj6UzoMR7A==",
      "license": "MIT",
      "engines": {
        "node": ">=8.0.0"
      }
    },
    "node_modules/bfile": {
      "version": "0.2.3",
      "resolved": "https://registry.npmjs.org/bfile/-/bfile-0.2.3.tgz",
      "integrity": "sha512-BhbmCLqDC+u8rPSeB/I8bRC8luQoUt+wD326CECXYXtE5GyTWL/q/OkNp58aH7XEREguEItvqM18s9vXLvg6fw==",
      "license": "MIT",
      "engines": {
        "node": ">=8.0.0"
      }
    },
    "node_modules/bheep": {
      "version": "0.1.6",
      "resolved": "https://registry.npmjs.org/bheep/-/bheep-0.1.6.tgz",
      "integrity": "sha512-u44Xgb0Rr+Y/1chKqiUSY44mpBCglDxnapyfA6mssbJE+C7iyAPY4r8WMPqmdvZPYk7EU3ogbt4pKDItDMU87A==",
      "license": "MIT",
      "dependencies": {
        "bsert": "~0.0.12"
      },
      "engines": {
        "node": ">=8.0.0"
      }
    },
    "node_modules/binet": {
      "version": "0.3.9",
      "resolved": "https://registry.npmjs.org/binet/-/binet-0.3.9.tgz",
      "integrity": "sha512-htptPuT5YTTRThIQAuWyCo+rIvXwAC+CrUq40ldhKHBPbZoMb76SBkI8NtvLkWussJr+lnR5Mc0rh1dpNBrBPg==",
      "license": "MIT",
      "dependencies": {
        "bs32": "~0.1.7",
        "bsert": "~0.0.12"
      },
      "engines": {
        "node": ">=8.0.0"
      }
    },
    "node_modules/bmocha": {
      "version": "2.2.1",
      "resolved": "https://registry.npmjs.org/bmocha/-/bmocha-2.2.1.tgz",
      "integrity": "sha512-gzyrUTo5ZnPHk2I45E2iO9z4HAVYIfGepJQ4DaXU1pSi4lI2dsPadAdnKSj3cJjnzX3yDxQdGyrc3HNH5bUEfw==",
      "dev": true,
      "license": "MIT",
      "bin": {
        "_bmocha": "bin/_bmocha",
        "bmocha": "bin/bmocha"
      },
      "engines": {
        "node": ">=8.0.0"
      }
    },
    "node_modules/bs32": {
      "version": "0.1.7",
      "resolved": "https://registry.npmjs.org/bs32/-/bs32-0.1.7.tgz",
      "integrity": "sha512-I0aKZCBneFTkcVNUIALzsOevqPIF93ynGPX6wj6pXmIBpXVGCqTgdvMx2QyR/NwgOIqMLH++Ovyum28abVG6QA==",
      "license": "MIT",
      "dependencies": {
        "bsert": "~0.0.10"
      },
      "engines": {
        "node": ">=8.0.0"
      }
    },
    "node_modules/bsert": {
      "version": "0.0.13",
      "resolved": "https://registry.npmjs.org/bsert/-/bsert-0.0.13.tgz",
      "integrity": "sha512-gYzSj8I2lDTKvl4aRSYs2CZIpeJugq7RjGhLRG+Jl//gEW5B2u1MKB6exVCL09FqYj6JRQAAgRwQHMOWvr7A8A==",
      "license": "MIT",
      "engines": {
        "node": ">=8.0.0"
      }
    },
    "node_modules/bslintrc": {
      "version": "0.0.3",
      "resolved": "https://registry.npmjs.org/bslintrc/-/bslintrc-0.0.3.tgz",
      "integrity": "sha512-h95ityvrnwr5fMgX7OjyOqYXIRjWXKcZB/+RhkaKuoGlgNUOAkYnPaF5DYJ+BO6WfWkKsLeZfFWq0gU8OfWhpQ==",
      "dev": true,
      "license": "MIT",
      "engines": {
        "node": ">=8.0.0"
      }
    },
    "node_modules/btcp": {
      "version": "0.1.5",
      "resolved": "https://registry.npmjs.org/btcp/-/btcp-0.1.5.tgz",
      "integrity": "sha512-tkrtMDxeJorn5p0KxaLXELneT8AbfZMpOFeoKYZ5qCCMMSluNuwut7pGccLC5YOJqmuk0DR774vNVQLC9sNq/A==",
      "engines": {
        "node": ">=8.0.0"
      }
    },
    "node_modules/budp": {
      "version": "0.1.6",
      "resolved": "https://registry.npmjs.org/budp/-/budp-0.1.6.tgz",
      "integrity": "sha512-o+a8NPq3DhV91j4nInjht2md6mbU1XL+7ciPltP66rw5uD3KP1m5r8lA94LZVaPKcFdJ0l2HVVzRNxnY26Pefg==",
      "engines": {
        "node": ">=8.0.0"
      }
    },
    "node_modules/bufio": {
      "version": "1.2.3",
      "resolved": "https://registry.npmjs.org/bufio/-/bufio-1.2.3.tgz",
      "integrity": "sha512-5Tt66bRzYUSlVZatc0E92uDenreJ+DpTBmSAUwL4VSxJn3e6cUyYwx+PoqML0GRZatgA/VX8ybhxItF8InZgqA==",
      "license": "MIT",
      "engines": {
        "node": ">=8.0.0"
      }
    },
    "node_modules/loady": {
      "version": "0.0.5",
      "resolved": "https://registry.npmjs.org/loady/-/loady-0.0.5.tgz",
      "integrity": "sha512-uxKD2HIj042/HBx77NBcmEPsD+hxCgAtjEWlYNScuUjIsh/62Uyu39GOR68TBR68v+jqDL9zfftCWoUo4y03sQ==",
      "engines": {
        "node": ">=8.0.0"
      }
    },
    "node_modules/unbound": {
      "version": "0.4.3",
      "resolved": "https://registry.npmjs.org/unbound/-/unbound-0.4.3.tgz",
      "integrity": "sha512-2ISqZLXtzp1l9f1V8Yr6S+zuhXxEwE1CjKHjXULFDHJcfhc9Gm3mn19hdPp4rlNGEdCivKYGKjYe3WRGnafYdA==",
      "hasInstallScript": true,
      "optional": true,
      "dependencies": {
        "loady": "~0.0.5"
      },
      "engines": {
        "node": ">=8.0.0"
      }
    }
  },
  "dependencies": {
    "bcrypto": {
      "version": "5.5.2",
      "resolved": "https://registry.npmjs.org/bcrypto/-/bcrypto-5.5.2.tgz",
      "integrity": "sha512-k3PF755oJM0+25iOVuraNedF5XneykxRwl+oBoMeQPfYee4qX8hHQhKCsNZWLthNYgi41GH2ysopd/8sDQDhEw==",
      "requires": {
        "bufio": "~1.0.7",
        "loady": "~0.0.5"
      },
      "dependencies": {
        "bufio": {
          "version": "1.0.7",
          "resolved": "https://registry.npmjs.org/bufio/-/bufio-1.0.7.tgz",
          "integrity": "sha512-bd1dDQhiC+bEbEfg56IdBv7faWa6OipMs/AFFFvtFnB3wAYjlwQpQRZ0pm6ZkgtfL0pILRXhKxOiQj6UzoMR7A=="
        }
      }
    },
    "bfile": {
      "version": "0.2.3",
      "resolved": "https://registry.npmjs.org/bfile/-/bfile-0.2.3.tgz",
      "integrity": "sha512-BhbmCLqDC+u8rPSeB/I8bRC8luQoUt+wD326CECXYXtE5GyTWL/q/OkNp58aH7XEREguEItvqM18s9vXLvg6fw=="
    },
    "bheep": {
      "version": "0.1.6",
      "resolved": "https://registry.npmjs.org/bheep/-/bheep-0.1.6.tgz",
      "integrity": "sha512-u44Xgb0Rr+Y/1chKqiUSY44mpBCglDxnapyfA6mssbJE+C7iyAPY4r8WMPqmdvZPYk7EU3ogbt4pKDItDMU87A==",
      "requires": {
        "bsert": "~0.0.12"
      }
    },
    "binet": {
      "version": "0.3.9",
      "resolved": "https://registry.npmjs.org/binet/-/binet-0.3.9.tgz",
      "integrity": "sha512-htptPuT5YTTRThIQAuWyCo+rIvXwAC+CrUq40ldhKHBPbZoMb76SBkI8NtvLkWussJr+lnR5Mc0rh1dpNBrBPg==",
      "requires": {
        "bs32": "~0.1.7",
        "bsert": "~0.0.12"
      }
    },
    "bmocha": {
      "version": "2.2.1",
      "resolved": "https://registry.npmjs.org/bmocha/-/bmocha-2.2.1.tgz",
      "integrity": "sha512-gzyrUTo5ZnPHk2I45E2iO9z4HAVYIfGepJQ4DaXU1pSi4lI2dsPadAdnKSj3cJjnzX3yDxQdGyrc3HNH5bUEfw==",
      "dev": true
    },
    "bs32": {
      "version": "0.1.7",
      "resolved": "https://registry.npmjs.org/bs32/-/bs32-0.1.7.tgz",
      "integrity": "sha512-I0aKZCBneFTkcVNUIALzsOevqPIF93ynGPX6wj6pXmIBpXVGCqTgdvMx2QyR/NwgOIqMLH++Ovyum28abVG6QA==",
      "requires": {
        "bsert": "~0.0.10"
      }
    },
    "bsert": {
      "version": "0.0.13",
      "resolved": "https://registry.npmjs.org/bsert/-/bsert-0.0.13.tgz",
      "integrity": "sha512-gYzSj8I2lDTKvl4aRSYs2CZIpeJugq7RjGhLRG+Jl//gEW5B2u1MKB6exVCL09FqYj6JRQAAgRwQHMOWvr7A8A=="
    },
    "bslintrc": {
      "version": "0.0.3",
      "resolved": "https://registry.npmjs.org/bslintrc/-/bslintrc-0.0.3.tgz",
      "integrity": "sha512-h95ityvrnwr5fMgX7OjyOqYXIRjWXKcZB/+RhkaKuoGlgNUOAkYnPaF5DYJ+BO6WfWkKsLeZfFWq0gU8OfWhpQ==",
      "dev": true
    },
    "btcp": {
      "version": "0.1.5",
      "resolved": "https://registry.npmjs.org/btcp/-/btcp-0.1.5.tgz",
      "integrity": "sha512-tkrtMDxeJorn5p0KxaLXELneT8AbfZMpOFeoKYZ5qCCMMSluNuwut7pGccLC5YOJqmuk0DR774vNVQLC9sNq/A=="
    },
    "budp": {
      "version": "0.1.6",
      "resolved": "https://registry.npmjs.org/budp/-/budp-0.1.6.tgz",
      "integrity": "sha512-o+a8NPq3DhV91j4nInjht2md6mbU1XL+7ciPltP66rw5uD3KP1m5r8lA94LZVaPKcFdJ0l2HVVzRNxnY26Pefg=="
    },
    "bufio": {
      "version": "1.2.3",
      "resolved": "https://registry.npmjs.org/bufio/-/bufio-1.2.3.tgz",
      "integrity": "sha512-5Tt66bRzYUSlVZatc0E92uDenreJ+DpTBmSAUwL4VSxJn3e6cUyYwx+PoqML0GRZatgA/VX8ybhxItF8InZgqA=="
    },
    "loady": {
      "version": "0.0.5",
      "resolved": "https://registry.npmjs.org/loady/-/loady-0.0.5.tgz",
      "integrity": "sha512-uxKD2HIj042/HBx77NBcmEPsD+hxCgAtjEWlYNScuUjIsh/62Uyu39GOR68TBR68v+jqDL9zfftCWoUo4y03sQ=="
    },
    "unbound": {
      "version": "0.4.3",
      "resolved": "https://registry.npmjs.org/unbound/-/unbound-0.4.3.tgz",
      "integrity": "sha512-2ISqZLXtzp1l9f1V8Yr6S+zuhXxEwE1CjKHjXULFDHJcfhc9Gm3mn19hdPp4rlNGEdCivKYGKjYe3WRGnafYdA==",
      "optional": true,
      "requires": {
        "loady": "~0.0.5"
      }
    }
  }
}
