{
  "name": "bns",
  "version": "0.12.0",
  "lockfileVersion": 1,
  "preserveSymlinks": "1",
  "requires": true,
  "dependencies": {
    "bfile": {
      "version": "0.2.2",
      "resolved": "https://registry.npmjs.org/bfile/-/bfile-0.2.2.tgz",
      "integrity": "sha512-X205SsJ7zFAnjeJ/pBLqDqF10x/4Su3pBy8UdVKw4hdGJk7t5pLoRi+uG4rPaDAClGbrEfT/06PGUbYiMYKzTg=="
    },
    "bheep": {
      "version": "0.1.5",
      "resolved": "https://registry.npmjs.org/bheep/-/bheep-0.1.5.tgz",
      "integrity": "sha512-0KR5Zi8hgJBKL35+aYzndCTtgSGakOMxrYw2uszd5UmXTIfx3+drPGoETlVbQ6arTdAzSoQYA1j35vbaWpQXBg==",
      "requires": {
        "bsert": "~0.0.10"
      }
    },
    "binet": {
      "version": "0.3.6",
      "resolved": "https://registry.npmjs.org/binet/-/binet-0.3.6.tgz",
      "integrity": "sha512-6pm+Gc3uNiiJZEv0k8JDWqQlo9ki/o9UNAkLmr0EGm7hI5MboOJVIOlO1nw3YuDkLHWN78OPsaC4JhRkn2jMLw==",
      "requires": {
        "bs32": "~0.1.5",
        "bsert": "~0.0.10"
      }
    },
    "bmocha": {
      "version": "2.1.5",
      "resolved": "https://registry.npmjs.org/bmocha/-/bmocha-2.1.5.tgz",
      "integrity": "sha512-hEO+jQC+6CMxdxSqKPjqAdIDvRWHfdGgsMh4fUmatkMewbYr2O6qMIbW7Lhcmkcnz8bwRHZuEdDaBt/16NofoA==",
      "dev": true
    },
    "bs32": {
      "version": "0.1.6",
      "resolved": "https://registry.npmjs.org/bs32/-/bs32-0.1.6.tgz",
      "integrity": "sha512-usjDesQqZ8ihHXOnOEQuAdymBHnJEfSd+aELFSg1jN/V3iAf12HrylHlRJwIt6DTMmXpBDQ+YBg3Q3DIYdhRgQ==",
      "requires": {
        "bsert": "~0.0.10"
      }
    },
    "bsert": {
      "version": "0.0.10",
      "resolved": "https://registry.npmjs.org/bsert/-/bsert-0.0.10.tgz",
      "integrity": "sha512-NHNwlac+WPy4t2LoNh8pXk8uaIGH3NSaIUbTTRXGpE2WEbq0te/tDykYHkFK57YKLPjv/aGHmbqvnGeVWDz57Q=="
    },
    "btcp": {
      "version": "0.1.5",
      "resolved": "https://registry.npmjs.org/btcp/-/btcp-0.1.5.tgz",
      "integrity": "sha512-tkrtMDxeJorn5p0KxaLXELneT8AbfZMpOFeoKYZ5qCCMMSluNuwut7pGccLC5YOJqmuk0DR774vNVQLC9sNq/A=="
    },
    "budp": {
      "version": "0.1.6",
      "resolved": "https://registry.npmjs.org/budp/-/budp-0.1.6.tgz",
      "integrity": "sha512-o+a8NPq3DhV91j4nInjht2md6mbU1XL+7ciPltP66rw5uD3KP1m5r8lA94LZVaPKcFdJ0l2HVVzRNxnY26Pefg=="
    },
    "bufio": {
      "version": "1.0.7",
      "resolved": "https://registry.npmjs.org/bufio/-/bufio-1.0.7.tgz",
      "integrity": "sha512-bd1dDQhiC+bEbEfg56IdBv7faWa6OipMs/AFFFvtFnB3wAYjlwQpQRZ0pm6ZkgtfL0pILRXhKxOiQj6UzoMR7A=="
    },
    "loady": {
      "version": "0.0.5",
      "resolved": "https://registry.npmjs.org/loady/-/loady-0.0.5.tgz",
      "integrity": "sha512-uxKD2HIj042/HBx77NBcmEPsD+hxCgAtjEWlYNScuUjIsh/62Uyu39GOR68TBR68v+jqDL9zfftCWoUo4y03sQ==",
      "optional": true
    },
    "nan": {
      "version": "2.14.2",
      "resolved": "https://registry.npmjs.org/nan/-/nan-2.14.2.tgz",
      "integrity": "sha512-M2ufzIiINKCuDfBSAUr1vWQ+vuVcA9kqx8JJUsbQi6yf1uGRyb7HfpdfUr5qLXf3B/t8dPvcjhKMmlfnP47EzQ=="
    },
    "pkcs11js": {
      "version": "1.2.5",
      "resolved": "https://registry.npmjs.org/pkcs11js/-/pkcs11js-1.2.5.tgz",
      "integrity": "sha512-ZOCi2ZqKV6LprMmODsQKxgxnwGyy5nQ+nbI6QeS1M5B7gaH09xIcz8BomukrtyLHs/z3eQvvzy1SAFYXrYOG4w==",
      "requires": {
        "nan": "^2.14.2"
      }
    },
    "unbound": {
      "version": "0.4.3",
      "resolved": "https://registry.npmjs.org/unbound/-/unbound-0.4.3.tgz",
      "integrity": "sha512-2ISqZLXtzp1l9f1V8Yr6S+zuhXxEwE1CjKHjXULFDHJcfhc9Gm3mn19hdPp4rlNGEdCivKYGKjYe3WRGnafYdA==",
      "optional": true,
      "requires": {
        "loady": "~0.0.5"
      }
    }
  }
}
